
Microsoft Visual Studio Solution File, Format Version 12.00
# Visual Studio 2012
Project("{8BC9CEB8-8B4A-11D0-8D11-00A0C91BC942}") = "sgx_lib_t", "sgx_lib_t\sgx_lib_t.vcxproj", "{1426FF60-1BC6-4F41-80D4-3C15BE167046}"
EndProject
Project("{8BC9CEB8-8B4A-11D0-8D11-00A0C91BC942}") = "sgx_lib_u", "sgx_lib_u\sgx_lib_u.vcxproj", "{9367A9A8-6153-4053-8E72-B9CEDBADEA2D}"
EndProject
Global
	GlobalSection(SolutionConfigurationPlatforms) = preSolution
		Debug|Win32 = Debug|Win32
		Prerelease|Win32 = Prerelease|Win32
		Release|Win32 = Release|Win32
		Simulation|Win32 = Simulation|Win32
	EndGlobalSection
	GlobalSection(ProjectConfigurationPlatforms) = postSolution
		{1426FF60-1BC6-4F41-80D4-3C15BE167046}.Debug|Win32.ActiveCfg = Debug|Win32
		{1426FF60-1BC6-4F41-80D4-3C15BE167046}.Debug|Win32.Build.0 = Debug|Win32
		{1426FF60-1BC6-4F41-80D4-3C15BE167046}.Prerelease|Win32.ActiveCfg = Prerelease|Win32
		{1426FF60-1BC6-4F41-80D4-3C15BE167046}.Prerelease|Win32.Build.0 = Prerelease|Win32
		{1426FF60-1BC6-4F41-80D4-3C15BE167046}.Release|Win32.ActiveCfg = Release|Win32
		{1426FF60-1BC6-4F41-80D4-3C15BE167046}.Release|Win32.Build.0 = Release|Win32
		{1426FF60-1BC6-4F41-80D4-3C15BE167046}.Simulation|Win32.ActiveCfg = Simulation|Win32
		{1426FF60-1BC6-4F41-80D4-3C15BE167046}.Simulation|Win32.Build.0 = Simulation|Win32
		{9367A9A8-6153-4053-8E72-B9CEDBADEA2D}.Debug|Win32.ActiveCfg = Debug|Win32
		{9367A9A8-6153-4053-8E72-B9CEDBADEA2D}.Debug|Win32.Build.0 = Debug|Win32
		{9367A9A8-6153-4053-8E72-B9CEDBADEA2D}.Prerelease|Win32.ActiveCfg = Prerelease|Win32
		{9367A9A8-6153-4053-8E72-B9CEDBADEA2D}.Prerelease|Win32.Build.0 = Prerelease|Win32
		{9367A9A8-6153-4053-8E72-B9CEDBADEA2D}.Release|Win32.ActiveCfg = Release|Win32
		{9367A9A8-6153-4053-8E72-B9CEDBADEA2D}.Release|Win32.Build.0 = Release|Win32
		{9367A9A8-6153-4053-8E72-B9CEDBADEA2D}.Simulation|Win32.ActiveCfg = Simulation|Win32
		{9367A9A8-6153-4053-8E72-B9CEDBADEA2D}.Simulation|Win32.Build.0 = Simulation|Win32
	EndGlobalSection
	GlobalSection(SolutionProperties) = preSolution
		HideSolutionNode = FALSE
	EndGlobalSection
EndGlobal
