<?xml version="1.0" encoding="utf-8"?>
<Project ToolsVersion="4.0" xmlns="http://schemas.microsoft.com/developer/msbuild/2003">
  <ItemGroup>
    <Filter Include="Generated Files">
      <UniqueIdentifier>{258b3a7d-9fc7-4038-9681-4e30b0ba5f0b}</UniqueIdentifier>
    </Filter>
    <Filter Include="Source Files">
      <UniqueIdentifier>{0156c859-5b70-4bdb-be33-f03473ff24ca}</UniqueIdentifier>
      <Extensions>cpp;c;edl;def; .. and other options</Extensions>
    </Filter>
    <Filter Include="Header Files">
      <UniqueIdentifier>{2b56cbfc-8354-49bd-a242-6e1c6ee0bbb8}</UniqueIdentifier>
      <Extensions>h;hpp; .. and other options</Extensions>
    </Filter>
    <Filter Include="Resource Files">
      <UniqueIdentifier>{c755f257-9090-489e-99e7-8394e84fda43}</UniqueIdentifier>
      <Extensions>rc;xml;pem; .. and other options</Extensions>
    </Filter>
  </ItemGroup>
  <ItemGroup>
    <ClInclude Include="sgx_lib_t.h">
      <Filter>Generated Files</Filter>
    </ClInclude>
    <ClInclude Include="..\include\sgx_lib.h">
      <Filter>Header Files</Filter>
    </ClInclude>
    <ClInclude Include="sgx_lib_t_util.h">
      <Filter>Header Files</Filter>
    </ClInclude>
    <ClInclude Include="..\include\sgx_lib_stdio.h">
      <Filter>Header Files</Filter>
    </ClInclude>
    <ClInclude Include="include\sgx_lib_t_stdio.h">
      <Filter>Header Files</Filter>
    </ClInclude>
    <ClInclude Include="include\sgx_lib_t_debug.h">
      <Filter>Header Files</Filter>
    </ClInclude>
  </ItemGroup>
  <ItemGroup>
    <None Include="generate_error_codes.sh" />
    <None Include="ReadMe.md" />
  </ItemGroup>
  <ItemGroup>
    <ClCompile Include="sgx_lib_t_util.c">
      <Filter>Source Files</Filter>
    </ClCompile>
    <ClCompile Include="..\common\sgx_lib.c">
      <Filter>Source Files</Filter>
    </ClCompile>
    <ClCompile Include="sgx_lib_t_stdio.c">
      <Filter>Source Files</Filter>
    </ClCompile>
    <ClCompile Include="sgx_lib_t_debug.c">
      <Filter>Source Files</Filter>
    </ClCompile>
  </ItemGroup>
  <ItemGroup>
    <CustomBuild Include="sgx_lib.edl">
      <Filter>Source Files</Filter>
    </CustomBuild>
  </ItemGroup>
</Project>